// !$*UTF8*$!
{
	archiveVersion = 1;
	classes = {
	};
	objectVersion = 51;
	objects = {

/* Begin PBXBuildFile section */
		086148FA7D288441F3813B6A /* Pods_CovidTrackerTests.framework in Frameworks */ = {isa = PBXBuildFile; fileRef = B9ECF45AB979B29731D3FB02 /* Pods_CovidTrackerTests.framework */; };
		2E0BF58F2535810A00018ED3 /* UIColor+Extensions.swift in Sources */ = {isa = PBXBuildFile; fileRef = 2E0BF58E2535810A00018ED3 /* UIColor+Extensions.swift */; };
		2E0BF591253581BF00018ED3 /* UIImage+Custom.swift in Sources */ = {isa = PBXBuildFile; fileRef = 2E0BF590253581BF00018ED3 /* UIImage+Custom.swift */; };
		2E0BF593253589EE00018ED3 /* Date+String.swift in Sources */ = {isa = PBXBuildFile; fileRef = 2E0BF592253589EE00018ED3 /* Date+String.swift */; };
		2E0BF5962535ED8300018ED3 /* CountryDetailedStatsViewController.swift in Sources */ = {isa = PBXBuildFile; fileRef = 2E0BF5952535ED8300018ED3 /* CountryDetailedStatsViewController.swift */; };
		2E0BF59A2535F45E00018ED3 /* CountryDetailedStatsCell.swift in Sources */ = {isa = PBXBuildFile; fileRef = 2E0BF5982535F45E00018ED3 /* CountryDetailedStatsCell.swift */; };
		2E0BF59B2535F45E00018ED3 /* CountryDetailedStatsCell.xib in Resources */ = {isa = PBXBuildFile; fileRef = 2E0BF5992535F45E00018ED3 /* CountryDetailedStatsCell.xib */; };
		2E0BF59D25361A2B00018ED3 /* UIViewController+Alerts.swift in Sources */ = {isa = PBXBuildFile; fileRef = 2E0BF59C25361A2B00018ED3 /* UIViewController+Alerts.swift */; };
		2E0D7B932553C1AF0001818F /* SummarryStatsViewController2.swift in Sources */ = {isa = PBXBuildFile; fileRef = 2E0D7B922553C1AF0001818F /* SummarryStatsViewController2.swift */; };
		2E3BD51625388ECB00D973A7 /* CountryDetailedStatsViewModel.swift in Sources */ = {isa = PBXBuildFile; fileRef = 2E3BD51525388ECB00D973A7 /* CountryDetailedStatsViewModel.swift */; };
		2E3BD518253893D400D973A7 /* Constants.swift in Sources */ = {isa = PBXBuildFile; fileRef = 2E3BD517253893D400D973A7 /* Constants.swift */; };
		2E3BD51B2538A71E00D973A7 /* SummaryStats.json in Resources */ = {isa = PBXBuildFile; fileRef = 2E3BD5192538A71D00D973A7 /* SummaryStats.json */; };
		2E3BD51C2538A71E00D973A7 /* CountryDetailedStats.json in Resources */ = {isa = PBXBuildFile; fileRef = 2E3BD51A2538A71D00D973A7 /* CountryDetailedStats.json */; };
		2E3BD51E2538A74F00D973A7 /* SampleData.swift in Sources */ = {isa = PBXBuildFile; fileRef = 2E3BD51D2538A74F00D973A7 /* SampleData.swift */; };
		2E3BD5202538A8EA00D973A7 /* SummaryViewModelTests.swift in Sources */ = {isa = PBXBuildFile; fileRef = 2E3BD51F2538A8EA00D973A7 /* SummaryViewModelTests.swift */; };
		2E3BD5232538A96B00D973A7 /* CovidNetworkableMock.swift in Sources */ = {isa = PBXBuildFile; fileRef = 2E3BD5222538A96B00D973A7 /* CovidNetworkableMock.swift */; };
		2E3BD5252538AA0100D973A7 /* TConstants.swift in Sources */ = {isa = PBXBuildFile; fileRef = 2E3BD5242538AA0100D973A7 /* TConstants.swift */; };
		2E3BD5272538ABE000D973A7 /* SummaryViewModelDelegateMock.swift in Sources */ = {isa = PBXBuildFile; fileRef = 2E3BD5262538ABE000D973A7 /* SummaryViewModelDelegateMock.swift */; };
		2E3BD5292538B7FA00D973A7 /* MainCoordinatorTests.swift in Sources */ = {isa = PBXBuildFile; fileRef = 2E3BD5282538B7FA00D973A7 /* MainCoordinatorTests.swift */; };
		2E3BD52B2538B95F00D973A7 /* CovidServiceTests.swift in Sources */ = {isa = PBXBuildFile; fileRef = 2E3BD52A2538B95F00D973A7 /* CovidServiceTests.swift */; };
		2E3BD52D2538BC7200D973A7 /* CountryDetailedStatsViewModelDelegateMock.swift in Sources */ = {isa = PBXBuildFile; fileRef = 2E3BD52C2538BC7200D973A7 /* CountryDetailedStatsViewModelDelegateMock.swift */; };
		2E3BD52F2538BE0F00D973A7 /* CountryDetailedStatsViewModelTests.swift in Sources */ = {isa = PBXBuildFile; fileRef = 2E3BD52E2538BE0F00D973A7 /* CountryDetailedStatsViewModelTests.swift */; };
		2E58261F2532D2C7003D3526 /* Country.swift in Sources */ = {isa = PBXBuildFile; fileRef = 2E58261E2532D2C7003D3526 /* Country.swift */; };
		2E5826212532D2F1003D3526 /* Record.swift in Sources */ = {isa = PBXBuildFile; fileRef = 2E5826202532D2F1003D3526 /* Record.swift */; };
		2E5826232532D311003D3526 /* SummaryRecord.swift in Sources */ = {isa = PBXBuildFile; fileRef = 2E5826222532D311003D3526 /* SummaryRecord.swift */; };
		2E5826252532D3DD003D3526 /* CountryStats.swift in Sources */ = {isa = PBXBuildFile; fileRef = 2E5826242532D3DD003D3526 /* CountryStats.swift */; };
		2E5826272532D4A5003D3526 /* SummaryStats.swift in Sources */ = {isa = PBXBuildFile; fileRef = 2E5826262532D4A5003D3526 /* SummaryStats.swift */; };
		2E5826292532D56F003D3526 /* SummaryViewModel.swift in Sources */ = {isa = PBXBuildFile; fileRef = 2E5826282532D56F003D3526 /* SummaryViewModel.swift */; };
		2E58262B2532DCC7003D3526 /* CovidNetworkable.swift in Sources */ = {isa = PBXBuildFile; fileRef = 2E58262A2532DCC7003D3526 /* CovidNetworkable.swift */; };
		2E58262E2532DD21003D3526 /* CovidTarget.swift in Sources */ = {isa = PBXBuildFile; fileRef = 2E58262D2532DD21003D3526 /* CovidTarget.swift */; };
		2E5826302532DD51003D3526 /* BaseTargetType.swift in Sources */ = {isa = PBXBuildFile; fileRef = 2E58262F2532DD51003D3526 /* BaseTargetType.swift */; };
		2E5826322532DD9B003D3526 /* CovidService.swift in Sources */ = {isa = PBXBuildFile; fileRef = 2E5826312532DD9B003D3526 /* CovidService.swift */; };
		2E5826342532DDC8003D3526 /* Translatable.swift in Sources */ = {isa = PBXBuildFile; fileRef = 2E5826332532DDC8003D3526 /* Translatable.swift */; };
		2E5826362532DDEF003D3526 /* JsonTranslationLayer.swift in Sources */ = {isa = PBXBuildFile; fileRef = 2E5826352532DDEF003D3526 /* JsonTranslationLayer.swift */; };
		2E5826402532E98E003D3526 /* UITableView+Cell.swift in Sources */ = {isa = PBXBuildFile; fileRef = 2E58263F2532E98E003D3526 /* UITableView+Cell.swift */; };
		2E5826432532ECDD003D3526 /* SummaryStatsViewController.swift in Sources */ = {isa = PBXBuildFile; fileRef = 2E5826422532ECDD003D3526 /* SummaryStatsViewController.swift */; };
		2E5826452532ED11003D3526 /* SummaryStatsAdapter.swift in Sources */ = {isa = PBXBuildFile; fileRef = 2E5826442532ED11003D3526 /* SummaryStatsAdapter.swift */; };
		2E5826502532F024003D3526 /* SummaryCountryStatsCell.swift in Sources */ = {isa = PBXBuildFile; fileRef = 2E58264E2532F024003D3526 /* SummaryCountryStatsCell.swift */; };
		2E5826512532F024003D3526 /* SummaryCountryStatsCell.xib in Resources */ = {isa = PBXBuildFile; fileRef = 2E58264F2532F024003D3526 /* SummaryCountryStatsCell.xib */; };
		2E58265825330A22003D3526 /* UITableViewCellProtocols.swift in Sources */ = {isa = PBXBuildFile; fileRef = 2E58265725330A22003D3526 /* UITableViewCellProtocols.swift */; };
		2E58265D25330AE3003D3526 /* SummaryGlobalStatsCell.swift in Sources */ = {isa = PBXBuildFile; fileRef = 2E58265B25330AE3003D3526 /* SummaryGlobalStatsCell.swift */; };
		2E58265E25330AE3003D3526 /* SummaryGlobalStatsCell.xib in Resources */ = {isa = PBXBuildFile; fileRef = 2E58265C25330AE3003D3526 /* SummaryGlobalStatsCell.xib */; };
		2E58266025330C7C003D3526 /* Formatter+Number.swift in Sources */ = {isa = PBXBuildFile; fileRef = 2E58265F25330C7C003D3526 /* Formatter+Number.swift */; };
		2E58266225330E11003D3526 /* Int+Separator.swift in Sources */ = {isa = PBXBuildFile; fileRef = 2E58266125330E11003D3526 /* Int+Separator.swift */; };
		2E5983242555253900B2FCA9 /* KeyedDecodingContainer+Extensions.swift in Sources */ = {isa = PBXBuildFile; fileRef = 2E5983232555253900B2FCA9 /* KeyedDecodingContainer+Extensions.swift */; };
		2E80A13A25373503001144FA /* LoadingViewController.swift in Sources */ = {isa = PBXBuildFile; fileRef = 2E80A13925373503001144FA /* LoadingViewController.swift */; };
		2E80A13C253746BF001144FA /* UIView+Shimmer.swift in Sources */ = {isa = PBXBuildFile; fileRef = 2E80A13B253746BF001144FA /* UIView+Shimmer.swift */; };
		2E831F26255270BE00F254A8 /* LoadingViewController2.swift in Sources */ = {isa = PBXBuildFile; fileRef = 2E831F25255270BE00F254A8 /* LoadingViewController2.swift */; };
		2E831F28255271B900F254A8 /* LoadingViewController2+Constraints.swift in Sources */ = {isa = PBXBuildFile; fileRef = 2E831F27255271B900F254A8 /* LoadingViewController2+Constraints.swift */; };
		2EFD84B92532BE87007DAE81 /* AppDelegate.swift in Sources */ = {isa = PBXBuildFile; fileRef = 2EFD84B82532BE87007DAE81 /* AppDelegate.swift */; };
		2EFD84BB2532BE87007DAE81 /* SceneDelegate.swift in Sources */ = {isa = PBXBuildFile; fileRef = 2EFD84BA2532BE87007DAE81 /* SceneDelegate.swift */; };
		2EFD84C02532BE87007DAE81 /* Main.storyboard in Resources */ = {isa = PBXBuildFile; fileRef = 2EFD84BE2532BE87007DAE81 /* Main.storyboard */; };
		2EFD84C22532BE8C007DAE81 /* Assets.xcassets in Resources */ = {isa = PBXBuildFile; fileRef = 2EFD84C12532BE8C007DAE81 /* Assets.xcassets */; };
		2EFD84C52532BE8C007DAE81 /* LaunchScreen.storyboard in Resources */ = {isa = PBXBuildFile; fileRef = 2EFD84C32532BE8C007DAE81 /* LaunchScreen.storyboard */; };
		2EFD84E62532CAD4007DAE81 /* Coordinator.swift in Sources */ = {isa = PBXBuildFile; fileRef = 2EFD84E52532CAD4007DAE81 /* Coordinator.swift */; };
		2EFD84E82532CAF5007DAE81 /* BaseViewController.swift in Sources */ = {isa = PBXBuildFile; fileRef = 2EFD84E72532CAF5007DAE81 /* BaseViewController.swift */; };
		2EFD84EA2532CD30007DAE81 /* Storyboarded.swift in Sources */ = {isa = PBXBuildFile; fileRef = 2EFD84E92532CD30007DAE81 /* Storyboarded.swift */; };
		2EFD84EC2532CD58007DAE81 /* MainCoordinator.swift in Sources */ = {isa = PBXBuildFile; fileRef = 2EFD84EB2532CD58007DAE81 /* MainCoordinator.swift */; };
		2EFD84EE2532CDAD007DAE81 /* Constants+Paths.swift in Sources */ = {isa = PBXBuildFile; fileRef = 2EFD84ED2532CDAD007DAE81 /* Constants+Paths.swift */; };
		5A1441DCB4D4EA7001D9F28D /* Pods_CovidTracker.framework in Frameworks */ = {isa = PBXBuildFile; fileRef = 83274EADAAC7910E195119B0 /* Pods_CovidTracker.framework */; };
/* End PBXBuildFile section */

/* Begin PBXContainerItemProxy section */
		2EFD84CC2532BE8C007DAE81 /* PBXContainerItemProxy */ = {
			isa = PBXContainerItemProxy;
			containerPortal = 2EFD84AD2532BE87007DAE81 /* Project object */;
			proxyType = 1;
			remoteGlobalIDString = 2EFD84B42532BE87007DAE81;
			remoteInfo = CovidTracker;
		};
/* End PBXContainerItemProxy section */

/* Begin PBXFileReference section */
		2E0BF58E2535810A00018ED3 /* UIColor+Extensions.swift */ = {isa = PBXFileReference; lastKnownFileType = sourcecode.swift; path = "UIColor+Extensions.swift"; sourceTree = "<group>"; };
		2E0BF590253581BF00018ED3 /* UIImage+Custom.swift */ = {isa = PBXFileReference; lastKnownFileType = sourcecode.swift; path = "UIImage+Custom.swift"; sourceTree = "<group>"; };
		2E0BF592253589EE00018ED3 /* Date+String.swift */ = {isa = PBXFileReference; lastKnownFileType = sourcecode.swift; path = "Date+String.swift"; sourceTree = "<group>"; };
		2E0BF5952535ED8300018ED3 /* CountryDetailedStatsViewController.swift */ = {isa = PBXFileReference; lastKnownFileType = sourcecode.swift; path = CountryDetailedStatsViewController.swift; sourceTree = "<group>"; };
		2E0BF5982535F45E00018ED3 /* CountryDetailedStatsCell.swift */ = {isa = PBXFileReference; lastKnownFileType = sourcecode.swift; path = CountryDetailedStatsCell.swift; sourceTree = "<group>"; };
		2E0BF5992535F45E00018ED3 /* CountryDetailedStatsCell.xib */ = {isa = PBXFileReference; lastKnownFileType = file.xib; path = CountryDetailedStatsCell.xib; sourceTree = "<group>"; };
		2E0BF59C25361A2B00018ED3 /* UIViewController+Alerts.swift */ = {isa = PBXFileReference; lastKnownFileType = sourcecode.swift; path = "UIViewController+Alerts.swift"; sourceTree = "<group>"; };
		2E0D7B922553C1AF0001818F /* SummarryStatsViewController2.swift */ = {isa = PBXFileReference; lastKnownFileType = sourcecode.swift; path = SummarryStatsViewController2.swift; sourceTree = "<group>"; };
		2E3BD51525388ECB00D973A7 /* CountryDetailedStatsViewModel.swift */ = {isa = PBXFileReference; lastKnownFileType = sourcecode.swift; path = CountryDetailedStatsViewModel.swift; sourceTree = "<group>"; };
		2E3BD517253893D400D973A7 /* Constants.swift */ = {isa = PBXFileReference; lastKnownFileType = sourcecode.swift; path = Constants.swift; sourceTree = "<group>"; };
		2E3BD5192538A71D00D973A7 /* SummaryStats.json */ = {isa = PBXFileReference; fileEncoding = 4; lastKnownFileType = text.json; path = SummaryStats.json; sourceTree = "<group>"; };
		2E3BD51A2538A71D00D973A7 /* CountryDetailedStats.json */ = {isa = PBXFileReference; fileEncoding = 4; lastKnownFileType = text.json; path = CountryDetailedStats.json; sourceTree = "<group>"; };
		2E3BD51D2538A74F00D973A7 /* SampleData.swift */ = {isa = PBXFileReference; lastKnownFileType = sourcecode.swift; path = SampleData.swift; sourceTree = "<group>"; };
		2E3BD51F2538A8EA00D973A7 /* SummaryViewModelTests.swift */ = {isa = PBXFileReference; lastKnownFileType = sourcecode.swift; path = SummaryViewModelTests.swift; sourceTree = "<group>"; };
		2E3BD5222538A96B00D973A7 /* CovidNetworkableMock.swift */ = {isa = PBXFileReference; lastKnownFileType = sourcecode.swift; path = CovidNetworkableMock.swift; sourceTree = "<group>"; };
		2E3BD5242538AA0100D973A7 /* TConstants.swift */ = {isa = PBXFileReference; lastKnownFileType = sourcecode.swift; path = TConstants.swift; sourceTree = "<group>"; };
		2E3BD5262538ABE000D973A7 /* SummaryViewModelDelegateMock.swift */ = {isa = PBXFileReference; lastKnownFileType = sourcecode.swift; path = SummaryViewModelDelegateMock.swift; sourceTree = "<group>"; };
		2E3BD5282538B7FA00D973A7 /* MainCoordinatorTests.swift */ = {isa = PBXFileReference; lastKnownFileType = sourcecode.swift; path = MainCoordinatorTests.swift; sourceTree = "<group>"; };
		2E3BD52A2538B95F00D973A7 /* CovidServiceTests.swift */ = {isa = PBXFileReference; lastKnownFileType = sourcecode.swift; path = CovidServiceTests.swift; sourceTree = "<group>"; };
		2E3BD52C2538BC7200D973A7 /* CountryDetailedStatsViewModelDelegateMock.swift */ = {isa = PBXFileReference; lastKnownFileType = sourcecode.swift; path = CountryDetailedStatsViewModelDelegateMock.swift; sourceTree = "<group>"; };
		2E3BD52E2538BE0F00D973A7 /* CountryDetailedStatsViewModelTests.swift */ = {isa = PBXFileReference; lastKnownFileType = sourcecode.swift; path = CountryDetailedStatsViewModelTests.swift; sourceTree = "<group>"; };
		2E58261E2532D2C7003D3526 /* Country.swift */ = {isa = PBXFileReference; lastKnownFileType = sourcecode.swift; path = Country.swift; sourceTree = "<group>"; };
		2E5826202532D2F1003D3526 /* Record.swift */ = {isa = PBXFileReference; lastKnownFileType = sourcecode.swift; path = Record.swift; sourceTree = "<group>"; };
		2E5826222532D311003D3526 /* SummaryRecord.swift */ = {isa = PBXFileReference; lastKnownFileType = sourcecode.swift; path = SummaryRecord.swift; sourceTree = "<group>"; };
		2E5826242532D3DD003D3526 /* CountryStats.swift */ = {isa = PBXFileReference; lastKnownFileType = sourcecode.swift; path = CountryStats.swift; sourceTree = "<group>"; };
		2E5826262532D4A5003D3526 /* SummaryStats.swift */ = {isa = PBXFileReference; lastKnownFileType = sourcecode.swift; path = SummaryStats.swift; sourceTree = "<group>"; };
		2E5826282532D56F003D3526 /* SummaryViewModel.swift */ = {isa = PBXFileReference; lastKnownFileType = sourcecode.swift; path = SummaryViewModel.swift; sourceTree = "<group>"; };
		2E58262A2532DCC7003D3526 /* CovidNetworkable.swift */ = {isa = PBXFileReference; lastKnownFileType = sourcecode.swift; path = CovidNetworkable.swift; sourceTree = "<group>"; };
		2E58262D2532DD21003D3526 /* CovidTarget.swift */ = {isa = PBXFileReference; lastKnownFileType = sourcecode.swift; path = CovidTarget.swift; sourceTree = "<group>"; };
		2E58262F2532DD51003D3526 /* BaseTargetType.swift */ = {isa = PBXFileReference; lastKnownFileType = sourcecode.swift; path = BaseTargetType.swift; sourceTree = "<group>"; };
		2E5826312532DD9B003D3526 /* CovidService.swift */ = {isa = PBXFileReference; lastKnownFileType = sourcecode.swift; path = CovidService.swift; sourceTree = "<group>"; };
		2E5826332532DDC8003D3526 /* Translatable.swift */ = {isa = PBXFileReference; lastKnownFileType = sourcecode.swift; path = Translatable.swift; sourceTree = "<group>"; };
		2E5826352532DDEF003D3526 /* JsonTranslationLayer.swift */ = {isa = PBXFileReference; lastKnownFileType = sourcecode.swift; path = JsonTranslationLayer.swift; sourceTree = "<group>"; };
		2E58263F2532E98E003D3526 /* UITableView+Cell.swift */ = {isa = PBXFileReference; lastKnownFileType = sourcecode.swift; path = "UITableView+Cell.swift"; sourceTree = "<group>"; };
		2E5826422532ECDD003D3526 /* SummaryStatsViewController.swift */ = {isa = PBXFileReference; fileEncoding = 4; lastKnownFileType = sourcecode.swift; path = SummaryStatsViewController.swift; sourceTree = "<group>"; };
		2E5826442532ED11003D3526 /* SummaryStatsAdapter.swift */ = {isa = PBXFileReference; lastKnownFileType = sourcecode.swift; path = SummaryStatsAdapter.swift; sourceTree = "<group>"; };
		2E58264E2532F024003D3526 /* SummaryCountryStatsCell.swift */ = {isa = PBXFileReference; lastKnownFileType = sourcecode.swift; path = SummaryCountryStatsCell.swift; sourceTree = "<group>"; };
		2E58264F2532F024003D3526 /* SummaryCountryStatsCell.xib */ = {isa = PBXFileReference; lastKnownFileType = file.xib; path = SummaryCountryStatsCell.xib; sourceTree = "<group>"; };
		2E58265725330A22003D3526 /* UITableViewCellProtocols.swift */ = {isa = PBXFileReference; lastKnownFileType = sourcecode.swift; path = UITableViewCellProtocols.swift; sourceTree = "<group>"; };
		2E58265B25330AE3003D3526 /* SummaryGlobalStatsCell.swift */ = {isa = PBXFileReference; lastKnownFileType = sourcecode.swift; path = SummaryGlobalStatsCell.swift; sourceTree = "<group>"; };
		2E58265C25330AE3003D3526 /* SummaryGlobalStatsCell.xib */ = {isa = PBXFileReference; lastKnownFileType = file.xib; path = SummaryGlobalStatsCell.xib; sourceTree = "<group>"; };
		2E58265F25330C7C003D3526 /* Formatter+Number.swift */ = {isa = PBXFileReference; lastKnownFileType = sourcecode.swift; path = "Formatter+Number.swift"; sourceTree = "<group>"; };
		2E58266125330E11003D3526 /* Int+Separator.swift */ = {isa = PBXFileReference; lastKnownFileType = sourcecode.swift; path = "Int+Separator.swift"; sourceTree = "<group>"; };
		2E5983232555253900B2FCA9 /* KeyedDecodingContainer+Extensions.swift */ = {isa = PBXFileReference; lastKnownFileType = sourcecode.swift; path = "KeyedDecodingContainer+Extensions.swift"; sourceTree = "<group>"; };
		2E59832D2556A17000B2FCA9 /* ConfigDev.xcconfig */ = {isa = PBXFileReference; lastKnownFileType = text.xcconfig; path = ConfigDev.xcconfig; sourceTree = "<group>"; };
		2E59832E2556A17E00B2FCA9 /* ConfigQA.xcconfig */ = {isa = PBXFileReference; lastKnownFileType = text.xcconfig; path = ConfigQA.xcconfig; sourceTree = "<group>"; };
		2E59832F2556A19500B2FCA9 /* ConfigProd.xcconfig */ = {isa = PBXFileReference; lastKnownFileType = text.xcconfig; path = ConfigProd.xcconfig; sourceTree = "<group>"; };
		2E69BA84255708D40010E830 /* AdSupport.framework */ = {isa = PBXFileReference; lastKnownFileType = wrapper.framework; name = AdSupport.framework; path = System/Library/Frameworks/AdSupport.framework; sourceTree = SDKROOT; };
		2E80A13925373503001144FA /* LoadingViewController.swift */ = {isa = PBXFileReference; lastKnownFileType = sourcecode.swift; path = LoadingViewController.swift; sourceTree = "<group>"; };
		2E80A13B253746BF001144FA /* UIView+Shimmer.swift */ = {isa = PBXFileReference; lastKnownFileType = sourcecode.swift; path = "UIView+Shimmer.swift"; sourceTree = "<group>"; };
		2E831F25255270BE00F254A8 /* LoadingViewController2.swift */ = {isa = PBXFileReference; lastKnownFileType = sourcecode.swift; path = LoadingViewController2.swift; sourceTree = "<group>"; };
		2E831F27255271B900F254A8 /* LoadingViewController2+Constraints.swift */ = {isa = PBXFileReference; lastKnownFileType = sourcecode.swift; path = "LoadingViewController2+Constraints.swift"; sourceTree = "<group>"; };
		2EFD84B52532BE87007DAE81 /* CovidTracker.app */ = {isa = PBXFileReference; explicitFileType = wrapper.application; includeInIndex = 0; path = CovidTracker.app; sourceTree = BUILT_PRODUCTS_DIR; };
		2EFD84B82532BE87007DAE81 /* AppDelegate.swift */ = {isa = PBXFileReference; lastKnownFileType = sourcecode.swift; path = AppDelegate.swift; sourceTree = "<group>"; };
		2EFD84BA2532BE87007DAE81 /* SceneDelegate.swift */ = {isa = PBXFileReference; lastKnownFileType = sourcecode.swift; path = SceneDelegate.swift; sourceTree = "<group>"; };
		2EFD84BF2532BE87007DAE81 /* Base */ = {isa = PBXFileReference; lastKnownFileType = file.storyboard; name = Base; path = Base.lproj/Main.storyboard; sourceTree = "<group>"; };
		2EFD84C12532BE8C007DAE81 /* Assets.xcassets */ = {isa = PBXFileReference; lastKnownFileType = folder.assetcatalog; path = Assets.xcassets; sourceTree = "<group>"; };
		2EFD84C42532BE8C007DAE81 /* Base */ = {isa = PBXFileReference; lastKnownFileType = file.storyboard; name = Base; path = Base.lproj/LaunchScreen.storyboard; sourceTree = "<group>"; };
		2EFD84C62532BE8C007DAE81 /* Info.plist */ = {isa = PBXFileReference; lastKnownFileType = text.plist.xml; path = Info.plist; sourceTree = "<group>"; };
		2EFD84CB2532BE8C007DAE81 /* CovidTrackerTests.xctest */ = {isa = PBXFileReference; explicitFileType = wrapper.cfbundle; includeInIndex = 0; path = CovidTrackerTests.xctest; sourceTree = BUILT_PRODUCTS_DIR; };
		2EFD84D12532BE8C007DAE81 /* Info.plist */ = {isa = PBXFileReference; lastKnownFileType = text.plist.xml; path = Info.plist; sourceTree = "<group>"; };
		2EFD84E52532CAD4007DAE81 /* Coordinator.swift */ = {isa = PBXFileReference; lastKnownFileType = sourcecode.swift; path = Coordinator.swift; sourceTree = "<group>"; };
		2EFD84E72532CAF5007DAE81 /* BaseViewController.swift */ = {isa = PBXFileReference; lastKnownFileType = sourcecode.swift; path = BaseViewController.swift; sourceTree = "<group>"; };
		2EFD84E92532CD30007DAE81 /* Storyboarded.swift */ = {isa = PBXFileReference; lastKnownFileType = sourcecode.swift; path = Storyboarded.swift; sourceTree = "<group>"; };
		2EFD84EB2532CD58007DAE81 /* MainCoordinator.swift */ = {isa = PBXFileReference; lastKnownFileType = sourcecode.swift; path = MainCoordinator.swift; sourceTree = "<group>"; };
		2EFD84ED2532CDAD007DAE81 /* Constants+Paths.swift */ = {isa = PBXFileReference; lastKnownFileType = sourcecode.swift; path = "Constants+Paths.swift"; sourceTree = "<group>"; };
		48D59A547258D80F9A46D72B /* Pods-CovidTracker.qa.xcconfig */ = {isa = PBXFileReference; includeInIndex = 1; lastKnownFileType = text.xcconfig; name = "Pods-CovidTracker.qa.xcconfig"; path = "Target Support Files/Pods-CovidTracker/Pods-CovidTracker.qa.xcconfig"; sourceTree = "<group>"; };
		55A788A6F7EB6136DB9D4E60 /* Pods-CovidTrackerTests.debug.xcconfig */ = {isa = PBXFileReference; includeInIndex = 1; lastKnownFileType = text.xcconfig; name = "Pods-CovidTrackerTests.debug.xcconfig"; path = "Target Support Files/Pods-CovidTrackerTests/Pods-CovidTrackerTests.debug.xcconfig"; sourceTree = "<group>"; };
		6E257249E7AEB7D180370050 /* Pods-CovidTracker.debug.xcconfig */ = {isa = PBXFileReference; includeInIndex = 1; lastKnownFileType = text.xcconfig; name = "Pods-CovidTracker.debug.xcconfig"; path = "Target Support Files/Pods-CovidTracker/Pods-CovidTracker.debug.xcconfig"; sourceTree = "<group>"; };
		71953FC2DEDC9743CAA3898B /* Pods-CovidTracker.release.xcconfig */ = {isa = PBXFileReference; includeInIndex = 1; lastKnownFileType = text.xcconfig; name = "Pods-CovidTracker.release.xcconfig"; path = "Target Support Files/Pods-CovidTracker/Pods-CovidTracker.release.xcconfig"; sourceTree = "<group>"; };
		83274EADAAC7910E195119B0 /* Pods_CovidTracker.framework */ = {isa = PBXFileReference; explicitFileType = wrapper.framework; includeInIndex = 0; path = Pods_CovidTracker.framework; sourceTree = BUILT_PRODUCTS_DIR; };
		B9ECF45AB979B29731D3FB02 /* Pods_CovidTrackerTests.framework */ = {isa = PBXFileReference; explicitFileType = wrapper.framework; includeInIndex = 0; path = Pods_CovidTrackerTests.framework; sourceTree = BUILT_PRODUCTS_DIR; };
		C984E6B04B4BA0123113BD42 /* Pods-CovidTrackerTests.release.xcconfig */ = {isa = PBXFileReference; includeInIndex = 1; lastKnownFileType = text.xcconfig; name = "Pods-CovidTrackerTests.release.xcconfig"; path = "Target Support Files/Pods-CovidTrackerTests/Pods-CovidTrackerTests.release.xcconfig"; sourceTree = "<group>"; };
		F4FF7EF5EE54F6498869B18C /* Pods-CovidTrackerTests.qa.xcconfig */ = {isa = PBXFileReference; includeInIndex = 1; lastKnownFileType = text.xcconfig; name = "Pods-CovidTrackerTests.qa.xcconfig"; path = "Target Support Files/Pods-CovidTrackerTests/Pods-CovidTrackerTests.qa.xcconfig"; sourceTree = "<group>"; };
/* End PBXFileReference section */

/* Begin PBXFrameworksBuildPhase section */
		2EFD84B22532BE87007DAE81 /* Frameworks */ = {
			isa = PBXFrameworksBuildPhase;
			buildActionMask = 2147483647;
			files = (
				5A1441DCB4D4EA7001D9F28D /* Pods_CovidTracker.framework in Frameworks */,
			);
			runOnlyForDeploymentPostprocessing = 0;
		};
		2EFD84C82532BE8C007DAE81 /* Frameworks */ = {
			isa = PBXFrameworksBuildPhase;
			buildActionMask = 2147483647;
			files = (
				086148FA7D288441F3813B6A /* Pods_CovidTrackerTests.framework in Frameworks */,
			);
			runOnlyForDeploymentPostprocessing = 0;
		};
/* End PBXFrameworksBuildPhase section */

/* Begin PBXGroup section */
		2E0BF5942535ED5C00018ED3 /* CountryDetailedStatsViewController */ = {
			isa = PBXGroup;
			children = (
				2E0BF5952535ED8300018ED3 /* CountryDetailedStatsViewController.swift */,
			);
			path = CountryDetailedStatsViewController;
			sourceTree = "<group>";
		};
		2E0BF5972535F42C00018ED3 /* CountryDetailedStatsCell */ = {
			isa = PBXGroup;
			children = (
				2E0BF5982535F45E00018ED3 /* CountryDetailedStatsCell.swift */,
				2E0BF5992535F45E00018ED3 /* CountryDetailedStatsCell.xib */,
			);
			path = CountryDetailedStatsCell;
			sourceTree = "<group>";
		};
		2E3BD5212538A94200D973A7 /* Mocks */ = {
			isa = PBXGroup;
			children = (
				2E3BD5222538A96B00D973A7 /* CovidNetworkableMock.swift */,
				2E3BD5262538ABE000D973A7 /* SummaryViewModelDelegateMock.swift */,
				2E3BD52C2538BC7200D973A7 /* CountryDetailedStatsViewModelDelegateMock.swift */,
			);
			path = Mocks;
			sourceTree = "<group>";
		};
		2E58262C2532DD14003D3526 /* Targets */ = {
			isa = PBXGroup;
			children = (
				2E58262D2532DD21003D3526 /* CovidTarget.swift */,
				2E58262F2532DD51003D3526 /* BaseTargetType.swift */,
			);
			path = Targets;
			sourceTree = "<group>";
		};
		2E5826372532E41E003D3526 /* CustomViews */ = {
			isa = PBXGroup;
			children = (
				2E0BF5972535F42C00018ED3 /* CountryDetailedStatsCell */,
				2E58265A25330ACA003D3526 /* SummaryGlobalStatsCell */,
				2E58264D2532F011003D3526 /* SummaryCountryStatsCell */,
			);
			path = CustomViews;
			sourceTree = "<group>";
		};
		2E58263A2532E41E003D3526 /* Storyboards */ = {
			isa = PBXGroup;
			children = (
			);
			path = Storyboards;
			sourceTree = "<group>";
		};
		2E5826412532ECDD003D3526 /* SummaryStatsViewController */ = {
			isa = PBXGroup;
			children = (
				2E5826422532ECDD003D3526 /* SummaryStatsViewController.swift */,
				2E5826442532ED11003D3526 /* SummaryStatsAdapter.swift */,
				2E0D7B922553C1AF0001818F /* SummarryStatsViewController2.swift */,
			);
			path = SummaryStatsViewController;
			sourceTree = "<group>";
		};
		2E58264D2532F011003D3526 /* SummaryCountryStatsCell */ = {
			isa = PBXGroup;
			children = (
				2E58264E2532F024003D3526 /* SummaryCountryStatsCell.swift */,
				2E58264F2532F024003D3526 /* SummaryCountryStatsCell.xib */,
			);
			path = SummaryCountryStatsCell;
			sourceTree = "<group>";
		};
		2E58265A25330ACA003D3526 /* SummaryGlobalStatsCell */ = {
			isa = PBXGroup;
			children = (
				2E58265B25330AE3003D3526 /* SummaryGlobalStatsCell.swift */,
				2E58265C25330AE3003D3526 /* SummaryGlobalStatsCell.xib */,
			);
			path = SummaryGlobalStatsCell;
			sourceTree = "<group>";
		};
		2E59832C2556A16000B2FCA9 /* Configurations */ = {
			isa = PBXGroup;
			children = (
				2E59832D2556A17000B2FCA9 /* ConfigDev.xcconfig */,
				2E59832E2556A17E00B2FCA9 /* ConfigQA.xcconfig */,
				2E59832F2556A19500B2FCA9 /* ConfigProd.xcconfig */,
			);
			path = Configurations;
			sourceTree = "<group>";
		};
		2E80A138253734CD001144FA /* LoadingViewController */ = {
			isa = PBXGroup;
			children = (
				2E80A13925373503001144FA /* LoadingViewController.swift */,
				2E831F25255270BE00F254A8 /* LoadingViewController2.swift */,
				2E831F27255271B900F254A8 /* LoadingViewController2+Constraints.swift */,
			);
			path = LoadingViewController;
			sourceTree = "<group>";
		};
		2EFD84AC2532BE87007DAE81 = {
			isa = PBXGroup;
			children = (
				2EFD84B72532BE87007DAE81 /* CovidTracker */,
				2EFD84CE2532BE8C007DAE81 /* CovidTrackerTests */,
				2EFD84B62532BE87007DAE81 /* Products */,
				4C6A7F389F09373EDE0DB294 /* Pods */,
				95579B526C60728034135820 /* Frameworks */,
			);
			sourceTree = "<group>";
		};
		2EFD84B62532BE87007DAE81 /* Products */ = {
			isa = PBXGroup;
			children = (
				2EFD84B52532BE87007DAE81 /* CovidTracker.app */,
				2EFD84CB2532BE8C007DAE81 /* CovidTrackerTests.xctest */,
			);
			name = Products;
			sourceTree = "<group>";
		};
		2EFD84B72532BE87007DAE81 /* CovidTracker */ = {
			isa = PBXGroup;
			children = (
				2E59832C2556A16000B2FCA9 /* Configurations */,
				2EFD84DF2532CA9B007DAE81 /* Models */,
				2EFD84E42532CA9B007DAE81 /* ViewControllers */,
				2EFD84DE2532CA9B007DAE81 /* ViewModels */,
				2EFD84E12532CA9B007DAE81 /* Views */,
				2EFD84DB2532CA9A007DAE81 /* Networks */,
				2EFD84E22532CA9B007DAE81 /* Protocols */,
				2EFD84DD2532CA9B007DAE81 /* Extensions */,
				2EFD84DC2532CA9B007DAE81 /* Constants */,
				2EFD84E02532CA9B007DAE81 /* Helpers */,
				2EFD84E32532CA9B007DAE81 /* SampleData */,
				2EFD84B82532BE87007DAE81 /* AppDelegate.swift */,
				2EFD84BA2532BE87007DAE81 /* SceneDelegate.swift */,
				2EFD84BE2532BE87007DAE81 /* Main.storyboard */,
				2EFD84C12532BE8C007DAE81 /* Assets.xcassets */,
				2EFD84C32532BE8C007DAE81 /* LaunchScreen.storyboard */,
				2EFD84C62532BE8C007DAE81 /* Info.plist */,
			);
			path = CovidTracker;
			sourceTree = "<group>";
		};
		2EFD84CE2532BE8C007DAE81 /* CovidTrackerTests */ = {
			isa = PBXGroup;
			children = (
				2E3BD5212538A94200D973A7 /* Mocks */,
				2E3BD52A2538B95F00D973A7 /* CovidServiceTests.swift */,
				2E3BD51F2538A8EA00D973A7 /* SummaryViewModelTests.swift */,
				2E3BD52E2538BE0F00D973A7 /* CountryDetailedStatsViewModelTests.swift */,
				2E3BD5282538B7FA00D973A7 /* MainCoordinatorTests.swift */,
				2E3BD5242538AA0100D973A7 /* TConstants.swift */,
				2EFD84D12532BE8C007DAE81 /* Info.plist */,
			);
			path = CovidTrackerTests;
			sourceTree = "<group>";
		};
		2EFD84DB2532CA9A007DAE81 /* Networks */ = {
			isa = PBXGroup;
			children = (
				2E58262C2532DD14003D3526 /* Targets */,
				2E5826312532DD9B003D3526 /* CovidService.swift */,
			);
			path = Networks;
			sourceTree = "<group>";
		};
		2EFD84DC2532CA9B007DAE81 /* Constants */ = {
			isa = PBXGroup;
			children = (
				2EFD84ED2532CDAD007DAE81 /* Constants+Paths.swift */,
				2E3BD517253893D400D973A7 /* Constants.swift */,
				2E3BD51D2538A74F00D973A7 /* SampleData.swift */,
			);
			path = Constants;
			sourceTree = "<group>";
		};
		2EFD84DD2532CA9B007DAE81 /* Extensions */ = {
			isa = PBXGroup;
			children = (
				2E58263F2532E98E003D3526 /* UITableView+Cell.swift */,
				2E58265F25330C7C003D3526 /* Formatter+Number.swift */,
				2E58266125330E11003D3526 /* Int+Separator.swift */,
				2E0BF58E2535810A00018ED3 /* UIColor+Extensions.swift */,
				2E0BF590253581BF00018ED3 /* UIImage+Custom.swift */,
				2E0BF592253589EE00018ED3 /* Date+String.swift */,
				2E0BF59C25361A2B00018ED3 /* UIViewController+Alerts.swift */,
				2E80A13B253746BF001144FA /* UIView+Shimmer.swift */,
				2E5983232555253900B2FCA9 /* KeyedDecodingContainer+Extensions.swift */,
			);
			path = Extensions;
			sourceTree = "<group>";
		};
		2EFD84DE2532CA9B007DAE81 /* ViewModels */ = {
			isa = PBXGroup;
			children = (
				2E5826282532D56F003D3526 /* SummaryViewModel.swift */,
				2E3BD51525388ECB00D973A7 /* CountryDetailedStatsViewModel.swift */,
			);
			path = ViewModels;
			sourceTree = "<group>";
		};
		2EFD84DF2532CA9B007DAE81 /* Models */ = {
			isa = PBXGroup;
			children = (
				2E58261E2532D2C7003D3526 /* Country.swift */,
				2E5826202532D2F1003D3526 /* Record.swift */,
				2E5826222532D311003D3526 /* SummaryRecord.swift */,
				2E5826242532D3DD003D3526 /* CountryStats.swift */,
				2E5826262532D4A5003D3526 /* SummaryStats.swift */,
			);
			path = Models;
			sourceTree = "<group>";
		};
		2EFD84E02532CA9B007DAE81 /* Helpers */ = {
			isa = PBXGroup;
			children = (
				2EFD84EB2532CD58007DAE81 /* MainCoordinator.swift */,
				2E5826352532DDEF003D3526 /* JsonTranslationLayer.swift */,
			);
			path = Helpers;
			sourceTree = "<group>";
		};
		2EFD84E12532CA9B007DAE81 /* Views */ = {
			isa = PBXGroup;
			children = (
				2E5826372532E41E003D3526 /* CustomViews */,
				2E58263A2532E41E003D3526 /* Storyboards */,
			);
			path = Views;
			sourceTree = "<group>";
		};
		2EFD84E22532CA9B007DAE81 /* Protocols */ = {
			isa = PBXGroup;
			children = (
				2EFD84E52532CAD4007DAE81 /* Coordinator.swift */,
				2EFD84E92532CD30007DAE81 /* Storyboarded.swift */,
				2E58262A2532DCC7003D3526 /* CovidNetworkable.swift */,
				2E5826332532DDC8003D3526 /* Translatable.swift */,
				2E58265725330A22003D3526 /* UITableViewCellProtocols.swift */,
			);
			path = Protocols;
			sourceTree = "<group>";
		};
		2EFD84E32532CA9B007DAE81 /* SampleData */ = {
			isa = PBXGroup;
			children = (
				2E3BD51A2538A71D00D973A7 /* CountryDetailedStats.json */,
				2E3BD5192538A71D00D973A7 /* SummaryStats.json */,
			);
			path = SampleData;
			sourceTree = "<group>";
		};
		2EFD84E42532CA9B007DAE81 /* ViewControllers */ = {
			isa = PBXGroup;
			children = (
				2E80A138253734CD001144FA /* LoadingViewController */,
				2E0BF5942535ED5C00018ED3 /* CountryDetailedStatsViewController */,
				2E5826412532ECDD003D3526 /* SummaryStatsViewController */,
				2EFD84E72532CAF5007DAE81 /* BaseViewController.swift */,
			);
			path = ViewControllers;
			sourceTree = "<group>";
		};
		4C6A7F389F09373EDE0DB294 /* Pods */ = {
			isa = PBXGroup;
			children = (
				6E257249E7AEB7D180370050 /* Pods-CovidTracker.debug.xcconfig */,
				48D59A547258D80F9A46D72B /* Pods-CovidTracker.qa.xcconfig */,
				71953FC2DEDC9743CAA3898B /* Pods-CovidTracker.release.xcconfig */,
				55A788A6F7EB6136DB9D4E60 /* Pods-CovidTrackerTests.debug.xcconfig */,
				F4FF7EF5EE54F6498869B18C /* Pods-CovidTrackerTests.qa.xcconfig */,
				C984E6B04B4BA0123113BD42 /* Pods-CovidTrackerTests.release.xcconfig */,
			);
			path = Pods;
			sourceTree = "<group>";
		};
		95579B526C60728034135820 /* Frameworks */ = {
			isa = PBXGroup;
			children = (
				2E69BA84255708D40010E830 /* AdSupport.framework */,
				83274EADAAC7910E195119B0 /* Pods_CovidTracker.framework */,
				B9ECF45AB979B29731D3FB02 /* Pods_CovidTrackerTests.framework */,
			);
			name = Frameworks;
			sourceTree = "<group>";
		};
/* End PBXGroup section */

/* Begin PBXNativeTarget section */
		2EFD84B42532BE87007DAE81 /* CovidTracker */ = {
			isa = PBXNativeTarget;
			buildConfigurationList = 2EFD84D42532BE8C007DAE81 /* Build configuration list for PBXNativeTarget "CovidTracker" */;
			buildPhases = (
				0E2F5DA79613294A4910C828 /* [CP] Check Pods Manifest.lock */,
				2EFD84B12532BE87007DAE81 /* Sources */,
				2EFD84B22532BE87007DAE81 /* Frameworks */,
				2EFD84B32532BE87007DAE81 /* Resources */,
				2EFD84DA2532C79C007DAE81 /* ShellScript */,
				4DC0D7F60A6AFFE1554FAF6E /* [CP] Embed Pods Frameworks */,
			);
			buildRules = (
			);
			dependencies = (
			);
			name = CovidTracker;
			productName = CovidTracker;
			productReference = 2EFD84B52532BE87007DAE81 /* CovidTracker.app */;
			productType = "com.apple.product-type.application";
		};
		2EFD84CA2532BE8C007DAE81 /* CovidTrackerTests */ = {
			isa = PBXNativeTarget;
			buildConfigurationList = 2EFD84D72532BE8C007DAE81 /* Build configuration list for PBXNativeTarget "CovidTrackerTests" */;
			buildPhases = (
				16D2FD2482F4921C11647092 /* [CP] Check Pods Manifest.lock */,
				2EFD84C72532BE8C007DAE81 /* Sources */,
				2EFD84C82532BE8C007DAE81 /* Frameworks */,
				2EFD84C92532BE8C007DAE81 /* Resources */,
			);
			buildRules = (
			);
			dependencies = (
				2EFD84CD2532BE8C007DAE81 /* PBXTargetDependency */,
			);
			name = CovidTrackerTests;
			productName = CovidTrackerTests;
			productReference = 2EFD84CB2532BE8C007DAE81 /* CovidTrackerTests.xctest */;
			productType = "com.apple.product-type.bundle.unit-test";
		};
/* End PBXNativeTarget section */

/* Begin PBXProject section */
		2EFD84AD2532BE87007DAE81 /* Project object */ = {
			isa = PBXProject;
			attributes = {
				LastSwiftUpdateCheck = 1140;
				LastUpgradeCheck = 1140;
				ORGANIZATIONNAME = "Trung Vo";
				TargetAttributes = {
					2EFD84B42532BE87007DAE81 = {
						CreatedOnToolsVersion = 11.4.1;
					};
					2EFD84CA2532BE8C007DAE81 = {
						CreatedOnToolsVersion = 11.4.1;
						TestTargetID = 2EFD84B42532BE87007DAE81;
					};
				};
			};
			buildConfigurationList = 2EFD84B02532BE87007DAE81 /* Build configuration list for PBXProject "CovidTracker" */;
			compatibilityVersion = "Xcode 9.3";
			developmentRegion = en;
			hasScannedForEncodings = 0;
			knownRegions = (
				en,
				Base,
			);
			mainGroup = 2EFD84AC2532BE87007DAE81;
			productRefGroup = 2EFD84B62532BE87007DAE81 /* Products */;
			projectDirPath = "";
			projectRoot = "";
			targets = (
				2EFD84B42532BE87007DAE81 /* CovidTracker */,
				2EFD84CA2532BE8C007DAE81 /* CovidTrackerTests */,
			);
		};
/* End PBXProject section */

/* Begin PBXResourcesBuildPhase section */
		2EFD84B32532BE87007DAE81 /* Resources */ = {
			isa = PBXResourcesBuildPhase;
			buildActionMask = 2147483647;
			files = (
				2E3BD51C2538A71E00D973A7 /* CountryDetailedStats.json in Resources */,
				2E3BD51B2538A71E00D973A7 /* SummaryStats.json in Resources */,
				2EFD84C52532BE8C007DAE81 /* LaunchScreen.storyboard in Resources */,
				2E5826512532F024003D3526 /* SummaryCountryStatsCell.xib in Resources */,
				2E58265E25330AE3003D3526 /* SummaryGlobalStatsCell.xib in Resources */,
				2EFD84C22532BE8C007DAE81 /* Assets.xcassets in Resources */,
				2E0BF59B2535F45E00018ED3 /* CountryDetailedStatsCell.xib in Resources */,
				2EFD84C02532BE87007DAE81 /* Main.storyboard in Resources */,
			);
			runOnlyForDeploymentPostprocessing = 0;
		};
		2EFD84C92532BE8C007DAE81 /* Resources */ = {
			isa = PBXResourcesBuildPhase;
			buildActionMask = 2147483647;
			files = (
			);
			runOnlyForDeploymentPostprocessing = 0;
		};
/* End PBXResourcesBuildPhase section */

/* Begin PBXShellScriptBuildPhase section */
		0E2F5DA79613294A4910C828 /* [CP] Check Pods Manifest.lock */ = {
			isa = PBXShellScriptBuildPhase;
			buildActionMask = 2147483647;
			files = (
			);
			inputFileListPaths = (
			);
			inputPaths = (
				"${PODS_PODFILE_DIR_PATH}/Podfile.lock",
				"${PODS_ROOT}/Manifest.lock",
			);
			name = "[CP] Check Pods Manifest.lock";
			outputFileListPaths = (
			);
			outputPaths = (
				"$(DERIVED_FILE_DIR)/Pods-CovidTracker-checkManifestLockResult.txt",
			);
			runOnlyForDeploymentPostprocessing = 0;
			shellPath = /bin/sh;
			shellScript = "diff \"${PODS_PODFILE_DIR_PATH}/Podfile.lock\" \"${PODS_ROOT}/Manifest.lock\" > /dev/null\nif [ $? != 0 ] ; then\n    # print error to STDERR\n    echo \"error: The sandbox is not in sync with the Podfile.lock. Run 'pod install' or update your CocoaPods installation.\" >&2\n    exit 1\nfi\n# This output is used by Xcode 'outputs' to avoid re-running this script phase.\necho \"SUCCESS\" > \"${SCRIPT_OUTPUT_FILE_0}\"\n";
			showEnvVarsInLog = 0;
		};
		16D2FD2482F4921C11647092 /* [CP] Check Pods Manifest.lock */ = {
			isa = PBXShellScriptBuildPhase;
			buildActionMask = 2147483647;
			files = (
			);
			inputFileListPaths = (
			);
			inputPaths = (
				"${PODS_PODFILE_DIR_PATH}/Podfile.lock",
				"${PODS_ROOT}/Manifest.lock",
			);
			name = "[CP] Check Pods Manifest.lock";
			outputFileListPaths = (
			);
			outputPaths = (
				"$(DERIVED_FILE_DIR)/Pods-CovidTrackerTests-checkManifestLockResult.txt",
			);
			runOnlyForDeploymentPostprocessing = 0;
			shellPath = /bin/sh;
			shellScript = "diff \"${PODS_PODFILE_DIR_PATH}/Podfile.lock\" \"${PODS_ROOT}/Manifest.lock\" > /dev/null\nif [ $? != 0 ] ; then\n    # print error to STDERR\n    echo \"error: The sandbox is not in sync with the Podfile.lock. Run 'pod install' or update your CocoaPods installation.\" >&2\n    exit 1\nfi\n# This output is used by Xcode 'outputs' to avoid re-running this script phase.\necho \"SUCCESS\" > \"${SCRIPT_OUTPUT_FILE_0}\"\n";
			showEnvVarsInLog = 0;
		};
		2EFD84DA2532C79C007DAE81 /* ShellScript */ = {
			isa = PBXShellScriptBuildPhase;
			buildActionMask = 2147483647;
			files = (
			);
			inputFileListPaths = (
			);
			inputPaths = (
			);
			outputFileListPaths = (
			);
			outputPaths = (
			);
			runOnlyForDeploymentPostprocessing = 0;
			shellPath = /bin/sh;
			shellScript = "# Type a script or drag a script file from your workspace to insert its path.\n\"${PODS_ROOT}/SwiftLint/swiftlint\"\n";
		};
		4DC0D7F60A6AFFE1554FAF6E /* [CP] Embed Pods Frameworks */ = {
			isa = PBXShellScriptBuildPhase;
			buildActionMask = 2147483647;
			files = (
			);
			inputFileListPaths = (
				"${PODS_ROOT}/Target Support Files/Pods-CovidTracker/Pods-CovidTracker-frameworks-${CONFIGURATION}-input-files.xcfilelist",
			);
			name = "[CP] Embed Pods Frameworks";
			outputFileListPaths = (
				"${PODS_ROOT}/Target Support Files/Pods-CovidTracker/Pods-CovidTracker-frameworks-${CONFIGURATION}-output-files.xcfilelist",
			);
			runOnlyForDeploymentPostprocessing = 0;
			shellPath = /bin/sh;
			shellScript = "\"${PODS_ROOT}/Target Support Files/Pods-CovidTracker/Pods-CovidTracker-frameworks.sh\"\n";
			showEnvVarsInLog = 0;
		};
/* End PBXShellScriptBuildPhase section */

/* Begin PBXSourcesBuildPhase section */
		2EFD84B12532BE87007DAE81 /* Sources */ = {
			isa = PBXSourcesBuildPhase;
			buildActionMask = 2147483647;
			files = (
				2E5826432532ECDD003D3526 /* SummaryStatsViewController.swift in Sources */,
				2E3BD518253893D400D973A7 /* Constants.swift in Sources */,
				2E0BF59D25361A2B00018ED3 /* UIViewController+Alerts.swift in Sources */,
				2EFD84EE2532CDAD007DAE81 /* Constants+Paths.swift in Sources */,
				2E5826452532ED11003D3526 /* SummaryStatsAdapter.swift in Sources */,
				2E58261F2532D2C7003D3526 /* Country.swift in Sources */,
				2E80A13C253746BF001144FA /* UIView+Shimmer.swift in Sources */,
				2E3BD51E2538A74F00D973A7 /* SampleData.swift in Sources */,
				2E5826402532E98E003D3526 /* UITableView+Cell.swift in Sources */,
				2E0BF5962535ED8300018ED3 /* CountryDetailedStatsViewController.swift in Sources */,
				2E5826252532D3DD003D3526 /* CountryStats.swift in Sources */,
				2E5826212532D2F1003D3526 /* Record.swift in Sources */,
				2E5826232532D311003D3526 /* SummaryRecord.swift in Sources */,
				2E3BD51625388ECB00D973A7 /* CountryDetailedStatsViewModel.swift in Sources */,
				2E0BF593253589EE00018ED3 /* Date+String.swift in Sources */,
				2EFD84E82532CAF5007DAE81 /* BaseViewController.swift in Sources */,
				2E58266225330E11003D3526 /* Int+Separator.swift in Sources */,
				2E5826502532F024003D3526 /* SummaryCountryStatsCell.swift in Sources */,
				2E0D7B932553C1AF0001818F /* SummarryStatsViewController2.swift in Sources */,
				2E0BF58F2535810A00018ED3 /* UIColor+Extensions.swift in Sources */,
				2EFD84EC2532CD58007DAE81 /* MainCoordinator.swift in Sources */,
				2E58265D25330AE3003D3526 /* SummaryGlobalStatsCell.swift in Sources */,
				2E5826272532D4A5003D3526 /* SummaryStats.swift in Sources */,
				2E58262E2532DD21003D3526 /* CovidTarget.swift in Sources */,
				2E80A13A25373503001144FA /* LoadingViewController.swift in Sources */,
				2E5826342532DDC8003D3526 /* Translatable.swift in Sources */,
				2E58262B2532DCC7003D3526 /* CovidNetworkable.swift in Sources */,
				2EFD84E62532CAD4007DAE81 /* Coordinator.swift in Sources */,
				2EFD84B92532BE87007DAE81 /* AppDelegate.swift in Sources */,
				2E5826302532DD51003D3526 /* BaseTargetType.swift in Sources */,
				2E58265825330A22003D3526 /* UITableViewCellProtocols.swift in Sources */,
				2E0BF59A2535F45E00018ED3 /* CountryDetailedStatsCell.swift in Sources */,
				2E0BF591253581BF00018ED3 /* UIImage+Custom.swift in Sources */,
				2EFD84BB2532BE87007DAE81 /* SceneDelegate.swift in Sources */,
				2E5826292532D56F003D3526 /* SummaryViewModel.swift in Sources */,
				2E5826322532DD9B003D3526 /* CovidService.swift in Sources */,
				2E58266025330C7C003D3526 /* Formatter+Number.swift in Sources */,
				2E5983242555253900B2FCA9 /* KeyedDecodingContainer+Extensions.swift in Sources */,
				2EFD84EA2532CD30007DAE81 /* Storyboarded.swift in Sources */,
				2E831F26255270BE00F254A8 /* LoadingViewController2.swift in Sources */,
				2E831F28255271B900F254A8 /* LoadingViewController2+Constraints.swift in Sources */,
				2E5826362532DDEF003D3526 /* JsonTranslationLayer.swift in Sources */,
			);
			runOnlyForDeploymentPostprocessing = 0;
		};
		2EFD84C72532BE8C007DAE81 /* Sources */ = {
			isa = PBXSourcesBuildPhase;
			buildActionMask = 2147483647;
			files = (
				2E3BD5252538AA0100D973A7 /* TConstants.swift in Sources */,
				2E3BD5232538A96B00D973A7 /* CovidNetworkableMock.swift in Sources */,
				2E3BD52B2538B95F00D973A7 /* CovidServiceTests.swift in Sources */,
				2E3BD5202538A8EA00D973A7 /* SummaryViewModelTests.swift in Sources */,
				2E3BD52F2538BE0F00D973A7 /* CountryDetailedStatsViewModelTests.swift in Sources */,
				2E3BD5272538ABE000D973A7 /* SummaryViewModelDelegateMock.swift in Sources */,
				2E3BD5292538B7FA00D973A7 /* MainCoordinatorTests.swift in Sources */,
				2E3BD52D2538BC7200D973A7 /* CountryDetailedStatsViewModelDelegateMock.swift in Sources */,
			);
			runOnlyForDeploymentPostprocessing = 0;
		};
/* End PBXSourcesBuildPhase section */

/* Begin PBXTargetDependency section */
		2EFD84CD2532BE8C007DAE81 /* PBXTargetDependency */ = {
			isa = PBXTargetDependency;
			target = 2EFD84B42532BE87007DAE81 /* CovidTracker */;
			targetProxy = 2EFD84CC2532BE8C007DAE81 /* PBXContainerItemProxy */;
		};
/* End PBXTargetDependency section */

/* Begin PBXVariantGroup section */
		2EFD84BE2532BE87007DAE81 /* Main.storyboard */ = {
			isa = PBXVariantGroup;
			children = (
				2EFD84BF2532BE87007DAE81 /* Base */,
			);
			name = Main.storyboard;
			sourceTree = "<group>";
		};
		2EFD84C32532BE8C007DAE81 /* LaunchScreen.storyboard */ = {
			isa = PBXVariantGroup;
			children = (
				2EFD84C42532BE8C007DAE81 /* Base */,
			);
			name = LaunchScreen.storyboard;
			sourceTree = "<group>";
		};
/* End PBXVariantGroup section */

/* Begin XCBuildConfiguration section */
		2E59832625568E5600B2FCA9 /* QA */ = {
			isa = XCBuildConfiguration;
			buildSettings = {
				ALWAYS_SEARCH_USER_PATHS = NO;
				CLANG_ANALYZER_NONNULL = YES;
				CLANG_ANALYZER_NUMBER_OBJECT_CONVERSION = YES_AGGRESSIVE;
				CLANG_CXX_LANGUAGE_STANDARD = "gnu++14";
				CLANG_CXX_LIBRARY = "libc++";
				CLANG_ENABLE_MODULES = YES;
				CLANG_ENABLE_OBJC_ARC = YES;
				CLANG_ENABLE_OBJC_WEAK = YES;
				CLANG_WARN_BLOCK_CAPTURE_AUTORELEASING = YES;
				CLANG_WARN_BOOL_CONVERSION = YES;
				CLANG_WARN_COMMA = YES;
				CLANG_WARN_CONSTANT_CONVERSION = YES;
				CLANG_WARN_DEPRECATED_OBJC_IMPLEMENTATIONS = YES;
				CLANG_WARN_DIRECT_OBJC_ISA_USAGE = YES_ERROR;
				CLANG_WARN_DOCUMENTATION_COMMENTS = YES;
				CLANG_WARN_EMPTY_BODY = YES;
				CLANG_WARN_ENUM_CONVERSION = YES;
				CLANG_WARN_INFINITE_RECURSION = YES;
				CLANG_WARN_INT_CONVERSION = YES;
				CLANG_WARN_NON_LITERAL_NULL_CONVERSION = YES;
				CLANG_WARN_OBJC_IMPLICIT_RETAIN_SELF = YES;
				CLANG_WARN_OBJC_LITERAL_CONVERSION = YES;
				CLANG_WARN_OBJC_ROOT_CLASS = YES_ERROR;
				CLANG_WARN_RANGE_LOOP_ANALYSIS = YES;
				CLANG_WARN_STRICT_PROTOTYPES = YES;
				CLANG_WARN_SUSPICIOUS_MOVE = YES;
				CLANG_WARN_UNGUARDED_AVAILABILITY = YES_AGGRESSIVE;
				CLANG_WARN_UNREACHABLE_CODE = YES;
				CLANG_WARN__DUPLICATE_METHOD_MATCH = YES;
				COPY_PHASE_STRIP = NO;
				DEBUG_INFORMATION_FORMAT = dwarf;
				ENABLE_STRICT_OBJC_MSGSEND = YES;
				ENABLE_TESTABILITY = YES;
				GCC_C_LANGUAGE_STANDARD = gnu11;
				GCC_DYNAMIC_NO_PIC = NO;
				GCC_NO_COMMON_BLOCKS = YES;
				GCC_OPTIMIZATION_LEVEL = 0;
				GCC_PREPROCESSOR_DEFINITIONS = (
					"DEBUG=1",
					"$(inherited)",
				);
				GCC_WARN_64_TO_32_BIT_CONVERSION = YES;
				GCC_WARN_ABOUT_RETURN_TYPE = YES_ERROR;
				GCC_WARN_UNDECLARED_SELECTOR = YES;
				GCC_WARN_UNINITIALIZED_AUTOS = YES_AGGRESSIVE;
				GCC_WARN_UNUSED_FUNCTION = YES;
				GCC_WARN_UNUSED_VARIABLE = YES;
				IPHONEOS_DEPLOYMENT_TARGET = 13.4;
				MTL_ENABLE_DEBUG_INFO = INCLUDE_SOURCE;
				MTL_FAST_MATH = YES;
				ONLY_ACTIVE_ARCH = YES;
				SDKROOT = iphoneos;
				SWIFT_ACTIVE_COMPILATION_CONDITIONS = DEBUG;
				SWIFT_OPTIMIZATION_LEVEL = "-Onone";
			};
			name = QA;
		};
		2E59832725568E5600B2FCA9 /* QA */ = {
			isa = XCBuildConfiguration;
			baseConfigurationReference = 48D59A547258D80F9A46D72B /* Pods-CovidTracker.qa.xcconfig */;
			buildSettings = {
				API_KEY_FABRIC = 2;
				APP_NAME = "CovidTracker QA";
				ASSETCATALOG_COMPILER_APPICON_NAME = "AppIcon-QA";
				CODE_SIGN_IDENTITY = "Apple Development";
				CODE_SIGN_STYLE = Automatic;
				DEVELOPMENT_TEAM = 257MJ6YVQ4;
				INFOPLIST_FILE = CovidTracker/Info.plist;
				LD_RUNPATH_SEARCH_PATHS = (
					"$(inherited)",
					"@executable_path/Frameworks",
				);
				PRODUCT_BUNDLE_IDENTIFIER = "Trung-Vo.Covid-Tracker.QA";
				PRODUCT_NAME = "$(TARGET_NAME)";
				PROVISIONING_PROFILE_SPECIFIER = "";
				SERVER_URL = "https://api.covid19api.com/qa";
				SWIFT_VERSION = 5.0;
				TARGETED_DEVICE_FAMILY = 1;
			};
			name = QA;
		};
		2E59832825568E5600B2FCA9 /* QA */ = {
			isa = XCBuildConfiguration;
			baseConfigurationReference = F4FF7EF5EE54F6498869B18C /* Pods-CovidTrackerTests.qa.xcconfig */;
			buildSettings = {
				ALWAYS_EMBED_SWIFT_STANDARD_LIBRARIES = YES;
				BUNDLE_LOADER = "$(TEST_HOST)";
				CODE_SIGN_STYLE = Automatic;
				INFOPLIST_FILE = CovidTrackerTests/Info.plist;
				IPHONEOS_DEPLOYMENT_TARGET = 13.4;
				LD_RUNPATH_SEARCH_PATHS = (
					"$(inherited)",
					"@executable_path/Frameworks",
					"@loader_path/Frameworks",
				);
				PRODUCT_BUNDLE_IDENTIFIER = "Trung-Vo.CovidTrackerTests";
				PRODUCT_NAME = "$(TARGET_NAME)";
				SWIFT_VERSION = 5.0;
				TARGETED_DEVICE_FAMILY = "1,2";
				TEST_HOST = "$(BUILT_PRODUCTS_DIR)/CovidTracker.app/CovidTracker";
			};
			name = QA;
		};
		2EFD84D22532BE8C007DAE81 /* Debug */ = {
			isa = XCBuildConfiguration;
			buildSettings = {
				ALWAYS_SEARCH_USER_PATHS = NO;
				CLANG_ANALYZER_NONNULL = YES;
				CLANG_ANALYZER_NUMBER_OBJECT_CONVERSION = YES_AGGRESSIVE;
				CLANG_CXX_LANGUAGE_STANDARD = "gnu++14";
				CLANG_CXX_LIBRARY = "libc++";
				CLANG_ENABLE_MODULES = YES;
				CLANG_ENABLE_OBJC_ARC = YES;
				CLANG_ENABLE_OBJC_WEAK = YES;
				CLANG_WARN_BLOCK_CAPTURE_AUTORELEASING = YES;
				CLANG_WARN_BOOL_CONVERSION = YES;
				CLANG_WARN_COMMA = YES;
				CLANG_WARN_CONSTANT_CONVERSION = YES;
				CLANG_WARN_DEPRECATED_OBJC_IMPLEMENTATIONS = YES;
				CLANG_WARN_DIRECT_OBJC_ISA_USAGE = YES_ERROR;
				CLANG_WARN_DOCUMENTATION_COMMENTS = YES;
				CLANG_WARN_EMPTY_BODY = YES;
				CLANG_WARN_ENUM_CONVERSION = YES;
				CLANG_WARN_INFINITE_RECURSION = YES;
				CLANG_WARN_INT_CONVERSION = YES;
				CLANG_WARN_NON_LITERAL_NULL_CONVERSION = YES;
				CLANG_WARN_OBJC_IMPLICIT_RETAIN_SELF = YES;
				CLANG_WARN_OBJC_LITERAL_CONVERSION = YES;
				CLANG_WARN_OBJC_ROOT_CLASS = YES_ERROR;
				CLANG_WARN_RANGE_LOOP_ANALYSIS = YES;
				CLANG_WARN_STRICT_PROTOTYPES = YES;
				CLANG_WARN_SUSPICIOUS_MOVE = YES;
				CLANG_WARN_UNGUARDED_AVAILABILITY = YES_AGGRESSIVE;
				CLANG_WARN_UNREACHABLE_CODE = YES;
				CLANG_WARN__DUPLICATE_METHOD_MATCH = YES;
				COPY_PHASE_STRIP = NO;
				DEBUG_INFORMATION_FORMAT = dwarf;
				ENABLE_STRICT_OBJC_MSGSEND = YES;
				ENABLE_TESTABILITY = YES;
				GCC_C_LANGUAGE_STANDARD = gnu11;
				GCC_DYNAMIC_NO_PIC = NO;
				GCC_NO_COMMON_BLOCKS = YES;
				GCC_OPTIMIZATION_LEVEL = 0;
				GCC_PREPROCESSOR_DEFINITIONS = (
					"DEBUG=1",
					"$(inherited)",
				);
				GCC_WARN_64_TO_32_BIT_CONVERSION = YES;
				GCC_WARN_ABOUT_RETURN_TYPE = YES_ERROR;
				GCC_WARN_UNDECLARED_SELECTOR = YES;
				GCC_WARN_UNINITIALIZED_AUTOS = YES_AGGRESSIVE;
				GCC_WARN_UNUSED_FUNCTION = YES;
				GCC_WARN_UNUSED_VARIABLE = YES;
				IPHONEOS_DEPLOYMENT_TARGET = 13.4;
				MTL_ENABLE_DEBUG_INFO = INCLUDE_SOURCE;
				MTL_FAST_MATH = YES;
				ONLY_ACTIVE_ARCH = YES;
				SDKROOT = iphoneos;
				SWIFT_ACTIVE_COMPILATION_CONDITIONS = DEBUG;
				SWIFT_OPTIMIZATION_LEVEL = "-Onone";
			};
			name = Debug;
		};
		2EFD84D32532BE8C007DAE81 /* Release */ = {
			isa = XCBuildConfiguration;
			buildSettings = {
				ALWAYS_SEARCH_USER_PATHS = NO;
				CLANG_ANALYZER_NONNULL = YES;
				CLANG_ANALYZER_NUMBER_OBJECT_CONVERSION = YES_AGGRESSIVE;
				CLANG_CXX_LANGUAGE_STANDARD = "gnu++14";
				CLANG_CXX_LIBRARY = "libc++";
				CLANG_ENABLE_MODULES = YES;
				CLANG_ENABLE_OBJC_ARC = YES;
				CLANG_ENABLE_OBJC_WEAK = YES;
				CLANG_WARN_BLOCK_CAPTURE_AUTORELEASING = YES;
				CLANG_WARN_BOOL_CONVERSION = YES;
				CLANG_WARN_COMMA = YES;
				CLANG_WARN_CONSTANT_CONVERSION = YES;
				CLANG_WARN_DEPRECATED_OBJC_IMPLEMENTATIONS = YES;
				CLANG_WARN_DIRECT_OBJC_ISA_USAGE = YES_ERROR;
				CLANG_WARN_DOCUMENTATION_COMMENTS = YES;
				CLANG_WARN_EMPTY_BODY = YES;
				CLANG_WARN_ENUM_CONVERSION = YES;
				CLANG_WARN_INFINITE_RECURSION = YES;
				CLANG_WARN_INT_CONVERSION = YES;
				CLANG_WARN_NON_LITERAL_NULL_CONVERSION = YES;
				CLANG_WARN_OBJC_IMPLICIT_RETAIN_SELF = YES;
				CLANG_WARN_OBJC_LITERAL_CONVERSION = YES;
				CLANG_WARN_OBJC_ROOT_CLASS = YES_ERROR;
				CLANG_WARN_RANGE_LOOP_ANALYSIS = YES;
				CLANG_WARN_STRICT_PROTOTYPES = YES;
				CLANG_WARN_SUSPICIOUS_MOVE = YES;
				CLANG_WARN_UNGUARDED_AVAILABILITY = YES_AGGRESSIVE;
				CLANG_WARN_UNREACHABLE_CODE = YES;
				CLANG_WARN__DUPLICATE_METHOD_MATCH = YES;
				COPY_PHASE_STRIP = NO;
				DEBUG_INFORMATION_FORMAT = "dwarf-with-dsym";
				ENABLE_NS_ASSERTIONS = NO;
				ENABLE_STRICT_OBJC_MSGSEND = YES;
				GCC_C_LANGUAGE_STANDARD = gnu11;
				GCC_NO_COMMON_BLOCKS = YES;
				GCC_WARN_64_TO_32_BIT_CONVERSION = YES;
				GCC_WARN_ABOUT_RETURN_TYPE = YES_ERROR;
				GCC_WARN_UNDECLARED_SELECTOR = YES;
				GCC_WARN_UNINITIALIZED_AUTOS = YES_AGGRESSIVE;
				GCC_WARN_UNUSED_FUNCTION = YES;
				GCC_WARN_UNUSED_VARIABLE = YES;
				IPHONEOS_DEPLOYMENT_TARGET = 13.4;
				MTL_ENABLE_DEBUG_INFO = NO;
				MTL_FAST_MATH = YES;
				SDKROOT = iphoneos;
				SWIFT_COMPILATION_MODE = wholemodule;
				SWIFT_OPTIMIZATION_LEVEL = "-O";
				VALIDATE_PRODUCT = YES;
			};
			name = Release;
		};
		2EFD84D52532BE8C007DAE81 /* Debug */ = {
			isa = XCBuildConfiguration;
			baseConfigurationReference = 6E257249E7AEB7D180370050 /* Pods-CovidTracker.debug.xcconfig */;
			buildSettings = {
				API_KEY_FABRIC = 1;
				APP_NAME = "CovidTracker Dev";
				ASSETCATALOG_COMPILER_APPICON_NAME = "AppIcon-Dev";
				CODE_SIGN_IDENTITY = "Apple Development";
				CODE_SIGN_STYLE = Automatic;
				DEVELOPMENT_TEAM = 257MJ6YVQ4;
				INFOPLIST_FILE = CovidTracker/Info.plist;
				LD_RUNPATH_SEARCH_PATHS = (
					"$(inherited)",
					"@executable_path/Frameworks",
				);
				PRODUCT_BUNDLE_IDENTIFIER = "Trung-Vo.Covid-Tracker.Debug";
				PRODUCT_NAME = "$(TARGET_NAME)";
				PROVISIONING_PROFILE_SPECIFIER = "";
				SERVER_URL = "https://api.covid19api.com/dev";
				SWIFT_VERSION = 5.0;
				TARGETED_DEVICE_FAMILY = 1;
			};
			name = Debug;
		};
		2EFD84D62532BE8C007DAE81 /* Release */ = {
			isa = XCBuildConfiguration;
			baseConfigurationReference = 71953FC2DEDC9743CAA3898B /* Pods-CovidTracker.release.xcconfig */;
			buildSettings = {
				API_KEY_FABRIC = 3;
				APP_NAME = CovidTracker;
				ASSETCATALOG_COMPILER_APPICON_NAME = AppIcon;
				CODE_SIGN_IDENTITY = "Apple Development";
				CODE_SIGN_STYLE = Automatic;
				DEVELOPMENT_TEAM = 257MJ6YVQ4;
				INFOPLIST_FILE = CovidTracker/Info.plist;
				LD_RUNPATH_SEARCH_PATHS = (
					"$(inherited)",
					"@executable_path/Frameworks",
				);
				PRODUCT_BUNDLE_IDENTIFIER = "Trung-Vo.Covid-Tracker.Release";
				PRODUCT_NAME = "$(TARGET_NAME)";
				PROVISIONING_PROFILE_SPECIFIER = "";
				SERVER_URL = "https://api.covid19api.com";
				SWIFT_VERSION = 5.0;
				TARGETED_DEVICE_FAMILY = 1;
			};
			name = Release;
		};
		2EFD84D82532BE8C007DAE81 /* Debug */ = {
			isa = XCBuildConfiguration;
			baseConfigurationReference = 55A788A6F7EB6136DB9D4E60 /* Pods-CovidTrackerTests.debug.xcconfig */;
			buildSettings = {
				ALWAYS_EMBED_SWIFT_STANDARD_LIBRARIES = YES;
				BUNDLE_LOADER = "$(TEST_HOST)";
				CODE_SIGN_STYLE = Automatic;
				INFOPLIST_FILE = CovidTrackerTests/Info.plist;
				IPHONEOS_DEPLOYMENT_TARGET = 13.4;
				LD_RUNPATH_SEARCH_PATHS = (
					"$(inherited)",
					"@executable_path/Frameworks",
					"@loader_path/Frameworks",
				);
				PRODUCT_BUNDLE_IDENTIFIER = "Trung-Vo.CovidTrackerTests";
				PRODUCT_NAME = "$(TARGET_NAME)";
				SWIFT_VERSION = 5.0;
				TARGETED_DEVICE_FAMILY = "1,2";
				TEST_HOST = "$(BUILT_PRODUCTS_DIR)/CovidTracker.app/CovidTracker";
			};
			name = Debug;
		};
		2EFD84D92532BE8C007DAE81 /* Release */ = {
			isa = XCBuildConfiguration;
			baseConfigurationReference = C984E6B04B4BA0123113BD42 /* Pods-CovidTrackerTests.release.xcconfig */;
			buildSettings = {
				ALWAYS_EMBED_SWIFT_STANDARD_LIBRARIES = YES;
				BUNDLE_LOADER = "$(TEST_HOST)";
				CODE_SIGN_STYLE = Automatic;
				INFOPLIST_FILE = CovidTrackerTests/Info.plist;
				IPHONEOS_DEPLOYMENT_TARGET = 13.4;
				LD_RUNPATH_SEARCH_PATHS = (
					"$(inherited)",
					"@executable_path/Frameworks",
					"@loader_path/Frameworks",
				);
				PRODUCT_BUNDLE_IDENTIFIER = "Trung-Vo.CovidTrackerTests";
				PRODUCT_NAME = "$(TARGET_NAME)";
				SWIFT_VERSION = 5.0;
				TARGETED_DEVICE_FAMILY = "1,2";
				TEST_HOST = "$(BUILT_PRODUCTS_DIR)/CovidTracker.app/CovidTracker";
			};
			name = Release;
		};
/* End XCBuildConfiguration section */

/* Begin XCConfigurationList section */
		2EFD84B02532BE87007DAE81 /* Build configuration list for PBXProject "CovidTracker" */ = {
			isa = XCConfigurationList;
			buildConfigurations = (
				2EFD84D22532BE8C007DAE81 /* Debug */,
				2E59832625568E5600B2FCA9 /* QA */,
				2EFD84D32532BE8C007DAE81 /* Release */,
			);
			defaultConfigurationIsVisible = 0;
			defaultConfigurationName = Release;
		};
		2EFD84D42532BE8C007DAE81 /* Build configuration list for PBXNativeTarget "CovidTracker" */ = {
			isa = XCConfigurationList;
			buildConfigurations = (
				2EFD84D52532BE8C007DAE81 /* Debug */,
				2E59832725568E5600B2FCA9 /* QA */,
				2EFD84D62532BE8C007DAE81 /* Release */,
			);
			defaultConfigurationIsVisible = 0;
			defaultConfigurationName = Release;
		};
		2EFD84D72532BE8C007DAE81 /* Build configuration list for PBXNativeTarget "CovidTrackerTests" */ = {
			isa = XCConfigurationList;
			buildConfigurations = (
				2EFD84D82532BE8C007DAE81 /* Debug */,
				2E59832825568E5600B2FCA9 /* QA */,
				2EFD84D92532BE8C007DAE81 /* Release */,
			);
			defaultConfigurationIsVisible = 0;
			defaultConfigurationName = Release;
		};
/* End XCConfigurationList section */
	};
	rootObject = 2EFD84AD2532BE87007DAE81 /* Project object */;
}
